// !$*UTF8*$!
{
	archiveVersion = 1;
	classes = {
	};
	objectVersion = 46;
	objects = {

/* Begin PBXBuildFile section */
		0189ED441A8F4ACD007A880C /* AppDelegate.swift in Sources */ = {isa = PBXBuildFile; fileRef = 0189ED431A8F4ACD007A880C /* AppDelegate.swift */; };
		0189ED461A8F4ACD007A880C /* RecordSoundsViewController.swift in Sources */ = {isa = PBXBuildFile; fileRef = 0189ED451A8F4ACD007A880C /* RecordSoundsViewController.swift */; };
		0189ED491A8F4ACD007A880C /* Main.storyboard in Resources */ = {isa = PBXBuildFile; fileRef = 0189ED471A8F4ACD007A880C /* Main.storyboard */; };
		0189ED4B1A8F4ACD007A880C /* Images.xcassets in Resources */ = {isa = PBXBuildFile; fileRef = 0189ED4A1A8F4ACD007A880C /* Images.xcassets */; };
		0189ED4E1A8F4ACD007A880C /* LaunchScreen.xib in Resources */ = {isa = PBXBuildFile; fileRef = 0189ED4C1A8F4ACD007A880C /* LaunchScreen.xib */; };
		0189ED5A1A8F4ACD007A880C /* Pitch_PerfectTests.swift in Sources */ = {isa = PBXBuildFile; fileRef = 0189ED591A8F4ACD007A880C /* Pitch_PerfectTests.swift */; };
		0189ED641A8F8F8B007A880C /* PlaySoundsViewController.swift in Sources */ = {isa = PBXBuildFile; fileRef = 0189ED631A8F8F8B007A880C /* PlaySoundsViewController.swift */; };
		39AA3D4C1AB44EFF00779C82 /* movie_quote.mp3 in Resources */ = {isa = PBXBuildFile; fileRef = 39AA3D4B1AB44EFF00779C82 /* movie_quote.mp3 */; };
/* End PBXBuildFile section */

/* Begin PBXContainerItemProxy section */
		0189ED541A8F4ACD007A880C /* PBXContainerItemProxy */ = {
			isa = PBXContainerItemProxy;
			containerPortal = 0189ED361A8F4ACD007A880C /* Project object */;
			proxyType = 1;
			remoteGlobalIDString = 0189ED3D1A8F4ACD007A880C;
			remoteInfo = "Pitch Perfect";
		};
/* End PBXContainerItemProxy section */

/* Begin PBXFileReference section */
		0189ED3E1A8F4ACD007A880C /* Pitch Perfect.app */ = {isa = PBXFileReference; explicitFileType = wrapper.application; includeInIndex = 0; path = "Pitch Perfect.app"; sourceTree = BUILT_PRODUCTS_DIR; };
		0189ED421A8F4ACD007A880C /* Info.plist */ = {isa = PBXFileReference; lastKnownFileType = text.plist.xml; path = Info.plist; sourceTree = "<group>"; };
		0189ED431A8F4ACD007A880C /* AppDelegate.swift */ = {isa = PBXFileReference; lastKnownFileType = sourcecode.swift; path = AppDelegate.swift; sourceTree = "<group>"; };
		0189ED451A8F4ACD007A880C /* RecordSoundsViewController.swift */ = {isa = PBXFileReference; lastKnownFileType = sourcecode.swift; path = RecordSoundsViewController.swift; sourceTree = "<group>"; };
		0189ED481A8F4ACD007A880C /* Base */ = {isa = PBXFileReference; lastKnownFileType = file.storyboard; name = Base; path = Base.lproj/Main.storyboard; sourceTree = "<group>"; };
		0189ED4A1A8F4ACD007A880C /* Images.xcassets */ = {isa = PBXFileReference; lastKnownFileType = folder.assetcatalog; path = Images.xcassets; sourceTree = "<group>"; };
		0189ED4D1A8F4ACD007A880C /* Base */ = {isa = PBXFileReference; lastKnownFileType = file.xib; name = Base; path = Base.lproj/LaunchScreen.xib; sourceTree = "<group>"; };
		0189ED531A8F4ACD007A880C /* Pitch PerfectTests.xctest */ = {isa = PBXFileReference; explicitFileType = wrapper.cfbundle; includeInIndex = 0; path = "Pitch PerfectTests.xctest"; sourceTree = BUILT_PRODUCTS_DIR; };
		0189ED581A8F4ACD007A880C /* Info.plist */ = {isa = PBXFileReference; lastKnownFileType = text.plist.xml; path = Info.plist; sourceTree = "<group>"; };
		0189ED591A8F4ACD007A880C /* Pitch_PerfectTests.swift */ = {isa = PBXFileReference; lastKnownFileType = sourcecode.swift; path = Pitch_PerfectTests.swift; sourceTree = "<group>"; };
		0189ED631A8F8F8B007A880C /* PlaySoundsViewController.swift */ = {isa = PBXFileReference; fileEncoding = 4; lastKnownFileType = sourcecode.swift; path = PlaySoundsViewController.swift; sourceTree = "<group>"; };
		39AA3D4B1AB44EFF00779C82 /* movie_quote.mp3 */ = {isa = PBXFileReference; lastKnownFileType = audio.mp3; path = movie_quote.mp3; sourceTree = "<group>"; };
/* End PBXFileReference section */

/* Begin PBXFrameworksBuildPhase section */
		0189ED3B1A8F4ACD007A880C /* Frameworks */ = {
			isa = PBXFrameworksBuildPhase;
			buildActionMask = 2147483647;
			files = (
			);
			runOnlyForDeploymentPostprocessing = 0;
		};
		0189ED501A8F4ACD007A880C /* Frameworks */ = {
			isa = PBXFrameworksBuildPhase;
			buildActionMask = 2147483647;
			files = (
			);
			runOnlyForDeploymentPostprocessing = 0;
		};
/* End PBXFrameworksBuildPhase section */

/* Begin PBXGroup section */
		0189ED351A8F4ACD007A880C = {
			isa = PBXGroup;
			children = (
				0189ED401A8F4ACD007A880C /* Pitch Perfect */,
				0189ED561A8F4ACD007A880C /* Pitch PerfectTests */,
				0189ED3F1A8F4ACD007A880C /* Products */,
			);
			sourceTree = "<group>";
		};
		0189ED3F1A8F4ACD007A880C /* Products */ = {
			isa = PBXGroup;
			children = (
				0189ED3E1A8F4ACD007A880C /* Pitch Perfect.app */,
				0189ED531A8F4ACD007A880C /* Pitch PerfectTests.xctest */,
			);
			name = Products;
			sourceTree = "<group>";
		};
		0189ED401A8F4ACD007A880C /* Pitch Perfect */ = {
			isa = PBXGroup;
			children = (
				0189ED431A8F4ACD007A880C /* AppDelegate.swift */,
				0189ED451A8F4ACD007A880C /* RecordSoundsViewController.swift */,
				0189ED471A8F4ACD007A880C /* Main.storyboard */,
				0189ED631A8F8F8B007A880C /* PlaySoundsViewController.swift */,
				0189ED4C1A8F4ACD007A880C /* LaunchScreen.xib */,
				0189ED411A8F4ACD007A880C /* Supporting Files */,
			);
			path = "Pitch Perfect";
			sourceTree = "<group>";
		};
		0189ED411A8F4ACD007A880C /* Supporting Files */ = {
			isa = PBXGroup;
			children = (
				39AA3D4B1AB44EFF00779C82 /* movie_quote.mp3 */,
				0189ED4A1A8F4ACD007A880C /* Images.xcassets */,
				0189ED421A8F4ACD007A880C /* Info.plist */,
			);
			name = "Supporting Files";
			sourceTree = "<group>";
		};
		0189ED561A8F4ACD007A880C /* Pitch PerfectTests */ = {
			isa = PBXGroup;
			children = (
				0189ED591A8F4ACD007A880C /* Pitch_PerfectTests.swift */,
				0189ED571A8F4ACD007A880C /* Supporting Files */,
			);
			path = "Pitch PerfectTests";
			sourceTree = "<group>";
		};
		0189ED571A8F4ACD007A880C /* Supporting Files */ = {
			isa = PBXGroup;
			children = (
				0189ED581A8F4ACD007A880C /* Info.plist */,
			);
			name = "Supporting Files";
			sourceTree = "<group>";
		};
/* End PBXGroup section */

/* Begin PBXNativeTarget section */
		0189ED3D1A8F4ACD007A880C /* Pitch Perfect */ = {
			isa = PBXNativeTarget;
			buildConfigurationList = 0189ED5D1A8F4ACD007A880C /* Build configuration list for PBXNativeTarget "Pitch Perfect" */;
			buildPhases = (
				0189ED3A1A8F4ACD007A880C /* Sources */,
				0189ED3B1A8F4ACD007A880C /* Frameworks */,
				0189ED3C1A8F4ACD007A880C /* Resources */,
			);
			buildRules = (
			);
			dependencies = (
			);
			name = "Pitch Perfect";
			productName = "Pitch Perfect";
			productReference = 0189ED3E1A8F4ACD007A880C /* Pitch Perfect.app */;
			productType = "com.apple.product-type.application";
		};
		0189ED521A8F4ACD007A880C /* Pitch PerfectTests */ = {
			isa = PBXNativeTarget;
			buildConfigurationList = 0189ED601A8F4ACD007A880C /* Build configuration list for PBXNativeTarget "Pitch PerfectTests" */;
			buildPhases = (
				0189ED4F1A8F4ACD007A880C /* Sources */,
				0189ED501A8F4ACD007A880C /* Frameworks */,
				0189ED511A8F4ACD007A880C /* Resources */,
			);
			buildRules = (
			);
			dependencies = (
				0189ED551A8F4ACD007A880C /* PBXTargetDependency */,
			);
			name = "Pitch PerfectTests";
			productName = "Pitch PerfectTests";
			productReference = 0189ED531A8F4ACD007A880C /* Pitch PerfectTests.xctest */;
			productType = "com.apple.product-type.bundle.unit-test";
		};
/* End PBXNativeTarget section */

/* Begin PBXProject section */
		0189ED361A8F4ACD007A880C /* Project object */ = {
			isa = PBXProject;
			attributes = {
				LastUpgradeCheck = 0610;
				ORGANIZATIONNAME = "Salvandor, Inc";
				TargetAttributes = {
					0189ED3D1A8F4ACD007A880C = {
						CreatedOnToolsVersion = 6.1.1;
					};
					0189ED521A8F4ACD007A880C = {
						CreatedOnToolsVersion = 6.1.1;
						TestTargetID = 0189ED3D1A8F4ACD007A880C;
					};
				};
			};
			buildConfigurationList = 0189ED391A8F4ACD007A880C /* Build configuration list for PBXProject "Pitch Perfect" */;
			compatibilityVersion = "Xcode 3.2";
			developmentRegion = English;
			hasScannedForEncodings = 0;
			knownRegions = (
				en,
				Base,
			);
			mainGroup = 0189ED351A8F4ACD007A880C;
			productRefGroup = 0189ED3F1A8F4ACD007A880C /* Products */;
			projectDirPath = "";
			projectRoot = "";
			targets = (
				0189ED3D1A8F4ACD007A880C /* Pitch Perfect */,
				0189ED521A8F4ACD007A880C /* Pitch PerfectTests */,
			);
		};
/* End PBXProject section */

/* Begin PBXResourcesBuildPhase section */
		0189ED3C1A8F4ACD007A880C /* Resources */ = {
			isa = PBXResourcesBuildPhase;
			buildActionMask = 2147483647;
			files = (
				0189ED491A8F4ACD007A880C /* Main.storyboard in Resources */,
				0189ED4E1A8F4ACD007A880C /* LaunchScreen.xib in Resources */,
				39AA3D4C1AB44EFF00779C82 /* movie_quote.mp3 in Resources */,
				0189ED4B1A8F4ACD007A880C /* Images.xcassets in Resources */,
			);
			runOnlyForDeploymentPostprocessing = 0;
		};
		0189ED511A8F4ACD007A880C /* Resources */ = {
			isa = PBXResourcesBuildPhase;
			buildActionMask = 2147483647;
			files = (
			);
			runOnlyForDeploymentPostprocessing = 0;
		};
/* End PBXResourcesBuildPhase section */

/* Begin PBXSourcesBuildPhase section */
		0189ED3A1A8F4ACD007A880C /* Sources */ = {
			isa = PBXSourcesBuildPhase;
			buildActionMask = 2147483647;
			files = (
				0189ED461A8F4ACD007A880C /* RecordSoundsViewController.swift in Sources */,
				0189ED641A8F8F8B007A880C /* PlaySoundsViewController.swift in Sources */,
				0189ED441A8F4ACD007A880C /* AppDelegate.swift in Sources */,
			);
			runOnlyForDeploymentPostprocessing = 0;
		};
		0189ED4F1A8F4ACD007A880C /* Sources */ = {
			isa = PBXSourcesBuildPhase;
			buildActionMask = 2147483647;
			files = (
				0189ED5A1A8F4ACD007A880C /* Pitch_PerfectTests.swift in Sources */,
			);
			runOnlyForDeploymentPostprocessing = 0;
		};
/* End PBXSourcesBuildPhase section */

/* Begin PBXTargetDependency section */
		0189ED551A8F4ACD007A880C /* PBXTargetDependency */ = {
			isa = PBXTargetDependency;
			target = 0189ED3D1A8F4ACD007A880C /* Pitch Perfect */;
			targetProxy = 0189ED541A8F4ACD007A880C /* PBXContainerItemProxy */;
		};
/* End PBXTargetDependency section */

/* Begin PBXVariantGroup section */
		0189ED471A8F4ACD007A880C /* Main.storyboard */ = {
			isa = PBXVariantGroup;
			children = (
				0189ED481A8F4ACD007A880C /* Base */,
			);
			name = Main.storyboard;
			sourceTree = "<group>";
		};
		0189ED4C1A8F4ACD007A880C /* LaunchScreen.xib */ = {
			isa = PBXVariantGroup;
			children = (
				0189ED4D1A8F4ACD007A880C /* Base */,
			);
			name = LaunchScreen.xib;
			sourceTree = "<group>";
		};
/* End PBXVariantGroup section */

/* Begin XCBuildConfiguration section */
		0189ED5B1A8F4ACD007A880C /* Debug */ = {
			isa = XCBuildConfiguration;
			buildSettings = {
				ALWAYS_SEARCH_USER_PATHS = NO;
				CLANG_CXX_LANGUAGE_STANDARD = "gnu++0x";
				CLANG_CXX_LIBRARY = "libc++";
				CLANG_ENABLE_MODULES = YES;
				CLANG_ENABLE_OBJC_ARC = YES;
				CLANG_WARN_BOOL_CONVERSION = YES;
				CLANG_WARN_CONSTANT_CONVERSION = YES;
				CLANG_WARN_DIRECT_OBJC_ISA_USAGE = YES_ERROR;
				CLANG_WARN_EMPTY_BODY = YES;
				CLANG_WARN_ENUM_CONVERSION = YES;
				CLANG_WARN_INT_CONVERSION = YES;
				CLANG_WARN_OBJC_ROOT_CLASS = YES_ERROR;
				CLANG_WARN_UNREACHABLE_CODE = YES;
				CLANG_WARN__DUPLICATE_METHOD_MATCH = YES;
				"CODE_SIGN_IDENTITY[sdk=iphoneos*]" = "iPhone Developer";
				COPY_PHASE_STRIP = NO;
				ENABLE_STRICT_OBJC_MSGSEND = YES;
				GCC_C_LANGUAGE_STANDARD = gnu99;
				GCC_DYNAMIC_NO_PIC = NO;
				GCC_OPTIMIZATION_LEVEL = 0;
				GCC_PREPROCESSOR_DEFINITIONS = (
					"DEBUG=1",
					"$(inherited)",
				);
				GCC_SYMBOLS_PRIVATE_EXTERN = NO;
				GCC_WARN_64_TO_32_BIT_CONVERSION = YES;
				GCC_WARN_ABOUT_RETURN_TYPE = YES_ERROR;
				GCC_WARN_UNDECLARED_SELECTOR = YES;
				GCC_WARN_UNINITIALIZED_AUTOS = YES_AGGRESSIVE;
				GCC_WARN_UNUSED_FUNCTION = YES;
				GCC_WARN_UNUSED_VARIABLE = YES;
				IPHONEOS_DEPLOYMENT_TARGET = 8.1;
				MTL_ENABLE_DEBUG_INFO = YES;
				ONLY_ACTIVE_ARCH = YES;
				SDKROOT = iphoneos;
				SWIFT_OPTIMIZATION_LEVEL = "-Onone";
			};
			name = Debug;
		};
		0189ED5C1A8F4ACD007A880C /* Release */ = {
			isa = XCBuildConfiguration;
			buildSettings = {
				ALWAYS_SEARCH_USER_PATHS = NO;
				CLANG_CXX_LANGUAGE_STANDARD = "gnu++0x";
				CLANG_CXX_LIBRARY = "libc++";
				CLANG_ENABLE_MODULES = YES;
				CLANG_ENABLE_OBJC_ARC = YES;
				CLANG_WARN_BOOL_CONVERSION = YES;
				CLANG_WARN_CONSTANT_CONVERSION = YES;
				CLANG_WARN_DIRECT_OBJC_ISA_USAGE = YES_ERROR;
				CLANG_WARN_EMPTY_BODY = YES;
				CLANG_WARN_ENUM_CONVERSION = YES;
				CLANG_WARN_INT_CONVERSION = YES;
				CLANG_WARN_OBJC_ROOT_CLASS = YES_ERROR;
				CLANG_WARN_UNREACHABLE_CODE = YES;
				CLANG_WARN__DUPLICATE_METHOD_MATCH = YES;
				"CODE_SIGN_IDENTITY[sdk=iphoneos*]" = "iPhone Developer";
				COPY_PHASE_STRIP = YES;
				ENABLE_NS_ASSERTIONS = NO;
				ENABLE_STRICT_OBJC_MSGSEND = YES;
				GCC_C_LANGUAGE_STANDARD = gnu99;
				GCC_WARN_64_TO_32_BIT_CONVERSION = YES;
				GCC_WARN_ABOUT_RETURN_TYPE = YES_ERROR;
				GCC_WARN_UNDECLARED_SELECTOR = YES;
				GCC_WARN_UNINITIALIZED_AUTOS = YES_AGGRESSIVE;
				GCC_WARN_UNUSED_FUNCTION = YES;
				GCC_WARN_UNUSED_VARIABLE = YES;
				IPHONEOS_DEPLOYMENT_TARGET = 8.1;
				MTL_ENABLE_DEBUG_INFO = NO;
				SDKROOT = iphoneos;
				VALIDATE_PRODUCT = YES;
			};
			name = Release;
		};
		0189ED5E1A8F4ACD007A880C /* Debug */ = {
			isa = XCBuildConfiguration;
			buildSettings = {
				ASSETCATALOG_COMPILER_APPICON_NAME = AppIcon;
				INFOPLIST_FILE = "Pitch Perfect/Info.plist";
				LD_RUNPATH_SEARCH_PATHS = "$(inherited) @executable_path/Frameworks";
				PRODUCT_NAME = "$(TARGET_NAME)";
				TARGETED_DEVICE_FAMILY = 1;
			};
			name = Debug;
		};
		0189ED5F1A8F4ACD007A880C /* Release */ = {
			isa = XCBuildConfiguration;
			buildSettings = {
				ASSETCATALOG_COMPILER_APPICON_NAME = AppIcon;
				INFOPLIST_FILE = "Pitch Perfect/Info.plist";
				LD_RUNPATH_SEARCH_PATHS = "$(inherited) @executable_path/Frameworks";
				PRODUCT_NAME = "$(TARGET_NAME)";
				TARGETED_DEVICE_FAMILY = 1;
			};
			name = Release;
		};
		0189ED611A8F4ACD007A880C /* Debug */ = {
			isa = XCBuildConfiguration;
			buildSettings = {
				BUNDLE_LOADER = "$(TEST_HOST)";
				FRAMEWORK_SEARCH_PATHS = (
					"$(SDKROOT)/Developer/Library/Frameworks",
					"$(inherited)",
				);
				GCC_PREPROCESSOR_DEFINITIONS = (
					"DEBUG=1",
					"$(inherited)",
				);
				INFOPLIST_FILE = "Pitch PerfectTests/Info.plist";
				LD_RUNPATH_SEARCH_PATHS = "$(inherited) @executable_path/Frameworks @loader_path/Frameworks";
				PRODUCT_NAME = "$(TARGET_NAME)";
				TEST_HOST = "$(BUILT_PRODUCTS_DIR)/Pitch Perfect.app/Pitch Perfect";
			};
			name = Debug;
		};
		0189ED621A8F4ACD007A880C /* Release */ = {
			isa = XCBuildConfiguration;
			buildSettings = {
				BUNDLE_LOADER = "$(TEST_HOST)";
				FRAMEWORK_SEARCH_PATHS = (
					"$(SDKROOT)/Developer/Library/Frameworks",
					"$(inherited)",
				);
				INFOPLIST_FILE = "Pitch PerfectTests/Info.plist";
				LD_RUNPATH_SEARCH_PATHS = "$(inherited) @executable_path/Frameworks @loader_path/Frameworks";
				PRODUCT_NAME = "$(TARGET_NAME)";
				TEST_HOST = "$(BUILT_PRODUCTS_DIR)/Pitch Perfect.app/Pitch Perfect";
			};
			name = Release;
		};
/* End XCBuildConfiguration section */

/* Begin XCConfigurationList section */
		0189ED391A8F4ACD007A880C /* Build configuration list for PBXProject "Pitch Perfect" */ = {
			isa = XCConfigurationList;
			buildConfigurations = (
				0189ED5B1A8F4ACD007A880C /* Debug */,
				0189ED5C1A8F4ACD007A880C /* Release */,
			);
			defaultConfigurationIsVisible = 0;
			defaultConfigurationName = Release;
		};
		0189ED5D1A8F4ACD007A880C /* Build configuration list for PBXNativeTarget "Pitch Perfect" */ = {
			isa = XCConfigurationList;
			buildConfigurations = (
				0189ED5E1A8F4ACD007A880C /* Debug */,
				0189ED5F1A8F4ACD007A880C /* Release */,
			);
			defaultConfigurationIsVisible = 0;
			defaultConfigurationName = Release;
		};
		0189ED601A8F4ACD007A880C /* Build configuration list for PBXNativeTarget "Pitch PerfectTests" */ = {
			isa = XCConfigurationList;
			buildConfigurations = (
				0189ED611A8F4ACD007A880C /* Debug */,
				0189ED621A8F4ACD007A880C /* Release */,
			);
			defaultConfigurationIsVisible = 0;
			defaultConfigurationName = Release;
		};
/* End XCConfigurationList section */
	};
	rootObject = 0189ED361A8F4ACD007A880C /* Project object */;
}
